
Microsoft Visual Studio Solution File, Format Version 12.00
# Visual Studio Version 17
VisualStudioVersion = 17.9.34723.18
MinimumVisualStudioVersion = 10.0.40219.1
Project("{FAE04EC0-301F-11D3-BF4B-00C04F79EFBC}") = "ParquetComponents", "ParquetComponents\ParquetComponents.csproj", "{7152CA36-9ED2-4CB7-99F5-9A4E3DE152DE}"
EndProject
Global
	GlobalSection(SolutionConfigurationPlatforms) = preSolution
		Debug|Any CPU = Debug|Any CPU
		Release|Any CPU = Release|Any CPU
	EndGlobalSection
	GlobalSection(ProjectConfigurationPlatforms) = postSolution
		{7152CA36-9ED2-4CB7-99F5-9A4E3DE152DE}.Debug|Any CPU.ActiveCfg = Debug|Any CPU
		{7152CA36-9ED2-4CB7-99F5-9A4E3DE152DE}.Debug|Any CPU.Build.0 = Debug|Any CPU
		{7152CA36-9ED2-4CB7-99F5-9A4E3DE152DE}.Release|Any CPU.ActiveCfg = Release|Any CPU
		{7152CA36-9ED2-4CB7-99F5-9A4E3DE152DE}.Release|Any CPU.Build.0 = Release|Any CPU
	EndGlobalSection
	GlobalSection(SolutionProperties) = preSolution
		HideSolutionNode = FALSE
	EndGlobalSection
	GlobalSection(ExtensibilityGlobals) = postSolution
		SolutionGuid = {53C08487-CC05-4BB4-93CD-1944D3D451F1}
	EndGlobalSection
EndGlobal
